// !$*UTF8*$!
{
	archiveVersion = 1;
	classes = {
	};
	objectVersion = 50;
	objects = {

/* Begin PBXBuildFile section */
		8800BE944DE04EF6D7457BC6 /* libPods-CryptocurrencyApp.a in Frameworks */ = {isa = PBXBuildFile; fileRef = CFE179C5049DA081AEA1A82F /* libPods-CryptocurrencyApp.a */; };
		DECA3C8A23B4B45100823667 /* CoinRow.swift in Sources */ = {isa = PBXBuildFile; fileRef = DECA3C8923B4B45100823667 /* CoinRow.swift */; };
		DEFC112223D67C800007EAEF /* CoinListViewModel.swift in Sources */ = {isa = PBXBuildFile; fileRef = DEFC112123D67C800007EAEF /* CoinListViewModel.swift */; };
		FF66512A23B0953F0045EAE7 /* AppDelegate.swift in Sources */ = {isa = PBXBuildFile; fileRef = FF66512923B0953F0045EAE7 /* AppDelegate.swift */; };
		FF66512C23B0953F0045EAE7 /* SceneDelegate.swift in Sources */ = {isa = PBXBuildFile; fileRef = FF66512B23B0953F0045EAE7 /* SceneDelegate.swift */; };
		FF66512E23B0953F0045EAE7 /* ContentView.swift in Sources */ = {isa = PBXBuildFile; fileRef = FF66512D23B0953F0045EAE7 /* ContentView.swift */; };
		FF66513023B095450045EAE7 /* Assets.xcassets in Resources */ = {isa = PBXBuildFile; fileRef = FF66512F23B095450045EAE7 /* Assets.xcassets */; };
		FF66513323B095450045EAE7 /* Preview Assets.xcassets in Resources */ = {isa = PBXBuildFile; fileRef = FF66513223B095450045EAE7 /* Preview Assets.xcassets */; };
		FF66513623B095450045EAE7 /* LaunchScreen.storyboard in Resources */ = {isa = PBXBuildFile; fileRef = FF66513423B095450045EAE7 /* LaunchScreen.storyboard */; };
		FF66514123B096040045EAE7 /* Coin.swift in Sources */ = {isa = PBXBuildFile; fileRef = FF66514023B096040045EAE7 /* Coin.swift */; };
		FF66514423B09AFB0045EAE7 /* CoinRepository.swift in Sources */ = {isa = PBXBuildFile; fileRef = FF66514323B09AFB0045EAE7 /* CoinRepository.swift */; };
		FFA3A8F223B1BB390036CA2E /* StatusData.swift in Sources */ = {isa = PBXBuildFile; fileRef = FFA3A8F123B1BB390036CA2E /* StatusData.swift */; };
		FFA3A8F623B1C5220036CA2E /* Quote.swift in Sources */ = {isa = PBXBuildFile; fileRef = FFA3A8F523B1C5220036CA2E /* Quote.swift */; };
		FFA3A8F823B1C6160036CA2E /* USD.swift in Sources */ = {isa = PBXBuildFile; fileRef = FFA3A8F723B1C6160036CA2E /* USD.swift */; };
		FFA3A8FA23B1C71E0036CA2E /* CoinData.swift in Sources */ = {isa = PBXBuildFile; fileRef = FFA3A8F923B1C71E0036CA2E /* CoinData.swift */; };
		FFDB59B623B19DC800052DC6 /* Config.swift in Sources */ = {isa = PBXBuildFile; fileRef = FFDB59B523B19DC800052DC6 /* Config.swift */; };
/* End PBXBuildFile section */

/* Begin PBXFileReference section */
		542257BC9CFF5E016C1C4ADE /* Pods-CryptocurrencyApp.debug.xcconfig */ = {isa = PBXFileReference; includeInIndex = 1; lastKnownFileType = text.xcconfig; name = "Pods-CryptocurrencyApp.debug.xcconfig"; path = "Target Support Files/Pods-CryptocurrencyApp/Pods-CryptocurrencyApp.debug.xcconfig"; sourceTree = "<group>"; };
		CFE179C5049DA081AEA1A82F /* libPods-CryptocurrencyApp.a */ = {isa = PBXFileReference; explicitFileType = archive.ar; includeInIndex = 0; path = "libPods-CryptocurrencyApp.a"; sourceTree = BUILT_PRODUCTS_DIR; };
		DECA3C8923B4B45100823667 /* CoinRow.swift */ = {isa = PBXFileReference; lastKnownFileType = sourcecode.swift; path = CoinRow.swift; sourceTree = "<group>"; };
		DEFC112123D67C800007EAEF /* CoinListViewModel.swift */ = {isa = PBXFileReference; lastKnownFileType = sourcecode.swift; path = CoinListViewModel.swift; sourceTree = "<group>"; };
		F866D3194C8C2FE5DCCDC855 /* Pods-CryptocurrencyApp.release.xcconfig */ = {isa = PBXFileReference; includeInIndex = 1; lastKnownFileType = text.xcconfig; name = "Pods-CryptocurrencyApp.release.xcconfig"; path = "Target Support Files/Pods-CryptocurrencyApp/Pods-CryptocurrencyApp.release.xcconfig"; sourceTree = "<group>"; };
		FF66512623B0953F0045EAE7 /* CryptocurrencyApp.app */ = {isa = PBXFileReference; explicitFileType = wrapper.application; includeInIndex = 0; path = CryptocurrencyApp.app; sourceTree = BUILT_PRODUCTS_DIR; };
		FF66512923B0953F0045EAE7 /* AppDelegate.swift */ = {isa = PBXFileReference; lastKnownFileType = sourcecode.swift; path = AppDelegate.swift; sourceTree = "<group>"; };
		FF66512B23B0953F0045EAE7 /* SceneDelegate.swift */ = {isa = PBXFileReference; lastKnownFileType = sourcecode.swift; path = SceneDelegate.swift; sourceTree = "<group>"; };
		FF66512D23B0953F0045EAE7 /* ContentView.swift */ = {isa = PBXFileReference; lastKnownFileType = sourcecode.swift; path = ContentView.swift; sourceTree = "<group>"; };
		FF66512F23B095450045EAE7 /* Assets.xcassets */ = {isa = PBXFileReference; lastKnownFileType = folder.assetcatalog; path = Assets.xcassets; sourceTree = "<group>"; };
		FF66513223B095450045EAE7 /* Preview Assets.xcassets */ = {isa = PBXFileReference; lastKnownFileType = folder.assetcatalog; path = "Preview Assets.xcassets"; sourceTree = "<group>"; };
		FF66513523B095450045EAE7 /* Base */ = {isa = PBXFileReference; lastKnownFileType = file.storyboard; name = Base; path = Base.lproj/LaunchScreen.storyboard; sourceTree = "<group>"; };
		FF66513723B095450045EAE7 /* Info.plist */ = {isa = PBXFileReference; lastKnownFileType = text.plist.xml; path = Info.plist; sourceTree = "<group>"; };
		FF66514023B096040045EAE7 /* Coin.swift */ = {isa = PBXFileReference; lastKnownFileType = sourcecode.swift; path = Coin.swift; sourceTree = "<group>"; };
		FF66514323B09AFB0045EAE7 /* CoinRepository.swift */ = {isa = PBXFileReference; lastKnownFileType = sourcecode.swift; path = CoinRepository.swift; sourceTree = "<group>"; };
		FFA3A8F123B1BB390036CA2E /* StatusData.swift */ = {isa = PBXFileReference; lastKnownFileType = sourcecode.swift; path = StatusData.swift; sourceTree = "<group>"; };
		FFA3A8F523B1C5220036CA2E /* Quote.swift */ = {isa = PBXFileReference; lastKnownFileType = sourcecode.swift; path = Quote.swift; sourceTree = "<group>"; };
		FFA3A8F723B1C6160036CA2E /* USD.swift */ = {isa = PBXFileReference; lastKnownFileType = sourcecode.swift; path = USD.swift; sourceTree = "<group>"; };
		FFA3A8F923B1C71E0036CA2E /* CoinData.swift */ = {isa = PBXFileReference; lastKnownFileType = sourcecode.swift; path = CoinData.swift; sourceTree = "<group>"; };
		FFDB59B523B19DC800052DC6 /* Config.swift */ = {isa = PBXFileReference; lastKnownFileType = sourcecode.swift; path = Config.swift; sourceTree = "<group>"; };
/* End PBXFileReference section */

/* Begin PBXFrameworksBuildPhase section */
		FF66512323B0953F0045EAE7 /* Frameworks */ = {
			isa = PBXFrameworksBuildPhase;
			buildActionMask = 2147483647;
			files = (
				8800BE944DE04EF6D7457BC6 /* libPods-CryptocurrencyApp.a in Frameworks */,
			);
			runOnlyForDeploymentPostprocessing = 0;
		};
/* End PBXFrameworksBuildPhase section */

/* Begin PBXGroup section */
		0A064EDCF4C4EAD05F82A9E0 /* Frameworks */ = {
			isa = PBXGroup;
			children = (
				CFE179C5049DA081AEA1A82F /* libPods-CryptocurrencyApp.a */,
			);
			name = Frameworks;
			sourceTree = "<group>";
		};
		EB9A748316CEF1A3E64945F1 /* Pods */ = {
			isa = PBXGroup;
			children = (
				542257BC9CFF5E016C1C4ADE /* Pods-CryptocurrencyApp.debug.xcconfig */,
				F866D3194C8C2FE5DCCDC855 /* Pods-CryptocurrencyApp.release.xcconfig */,
			);
			path = Pods;
			sourceTree = "<group>";
		};
		FF66511D23B0953F0045EAE7 = {
			isa = PBXGroup;
			children = (
				FF66512823B0953F0045EAE7 /* CryptocurrencyApp */,
				FF66512723B0953F0045EAE7 /* Products */,
				EB9A748316CEF1A3E64945F1 /* Pods */,
				0A064EDCF4C4EAD05F82A9E0 /* Frameworks */,
			);
			sourceTree = "<group>";
		};
		FF66512723B0953F0045EAE7 /* Products */ = {
			isa = PBXGroup;
			children = (
				FF66512623B0953F0045EAE7 /* CryptocurrencyApp.app */,
			);
			name = Products;
			sourceTree = "<group>";
		};
		FF66512823B0953F0045EAE7 /* CryptocurrencyApp */ = {
			isa = PBXGroup;
			children = (
				FF66514523B09DB50045EAE7 /* enum */,
				FF66514223B09AE90045EAE7 /* network */,
				FF66513F23B0959D0045EAE7 /* delegate */,
				FF66513E23B095950045EAE7 /* model */,
				FF66513D23B095840045EAE7 /* view */,
				FF66512F23B095450045EAE7 /* Assets.xcassets */,
				FF66513423B095450045EAE7 /* LaunchScreen.storyboard */,
				FF66513723B095450045EAE7 /* Info.plist */,
				FF66513123B095450045EAE7 /* Preview Content */,
			);
			path = CryptocurrencyApp;
			sourceTree = "<group>";
		};
		FF66513123B095450045EAE7 /* Preview Content */ = {
			isa = PBXGroup;
			children = (
				FF66513223B095450045EAE7 /* Preview Assets.xcassets */,
			);
			path = "Preview Content";
			sourceTree = "<group>";
		};
		FF66513D23B095840045EAE7 /* view */ = {
			isa = PBXGroup;
			children = (
				FF66512D23B0953F0045EAE7 /* ContentView.swift */,
				DECA3C8923B4B45100823667 /* CoinRow.swift */,
				DEFC112123D67C800007EAEF /* CoinListViewModel.swift */,
			);
			path = view;
			sourceTree = "<group>";
		};
		FF66513E23B095950045EAE7 /* model */ = {
			isa = PBXGroup;
			children = (
				FF66514023B096040045EAE7 /* Coin.swift */,
				FFDB59B523B19DC800052DC6 /* Config.swift */,
				FFA3A8F123B1BB390036CA2E /* StatusData.swift */,
				FFA3A8F523B1C5220036CA2E /* Quote.swift */,
				FFA3A8F723B1C6160036CA2E /* USD.swift */,
				FFA3A8F923B1C71E0036CA2E /* CoinData.swift */,
			);
			path = model;
			sourceTree = "<group>";
		};
		FF66513F23B0959D0045EAE7 /* delegate */ = {
			isa = PBXGroup;
			children = (
				FF66512923B0953F0045EAE7 /* AppDelegate.swift */,
				FF66512B23B0953F0045EAE7 /* SceneDelegate.swift */,
			);
			path = delegate;
			sourceTree = "<group>";
		};
		FF66514223B09AE90045EAE7 /* network */ = {
			isa = PBXGroup;
			children = (
				FF66514323B09AFB0045EAE7 /* CoinRepository.swift */,
			);
			path = network;
			sourceTree = "<group>";
		};
		FF66514523B09DB50045EAE7 /* enum */ = {
			isa = PBXGroup;
			children = (
			);
			path = enum;
			sourceTree = "<group>";
		};
/* End PBXGroup section */

/* Begin PBXNativeTarget section */
		FF66512523B0953F0045EAE7 /* CryptocurrencyApp */ = {
			isa = PBXNativeTarget;
			buildConfigurationList = FF66513A23B095450045EAE7 /* Build configuration list for PBXNativeTarget "CryptocurrencyApp" */;
			buildPhases = (
				EF127996BFB39E0F0BB5F737 /* [CP] Check Pods Manifest.lock */,
				FF66512223B0953F0045EAE7 /* Sources */,
				FF66512323B0953F0045EAE7 /* Frameworks */,
				FF66512423B0953F0045EAE7 /* Resources */,
			);
			buildRules = (
			);
			dependencies = (
			);
			name = CryptocurrencyApp;
			productName = CryptocurrencyApp;
			productReference = FF66512623B0953F0045EAE7 /* CryptocurrencyApp.app */;
			productType = "com.apple.product-type.application";
		};
/* End PBXNativeTarget section */

/* Begin PBXProject section */
		FF66511E23B0953F0045EAE7 /* Project object */ = {
			isa = PBXProject;
			attributes = {
				LastSwiftUpdateCheck = 1130;
				LastUpgradeCheck = 1130;
				ORGANIZATIONNAME = motivatin;
				TargetAttributes = {
					FF66512523B0953F0045EAE7 = {
						CreatedOnToolsVersion = 11.3;
					};
				};
			};
			buildConfigurationList = FF66512123B0953F0045EAE7 /* Build configuration list for PBXProject "CryptocurrencyApp" */;
			compatibilityVersion = "Xcode 9.3";
			developmentRegion = en;
			hasScannedForEncodings = 0;
			knownRegions = (
				en,
				Base,
			);
			mainGroup = FF66511D23B0953F0045EAE7;
			productRefGroup = FF66512723B0953F0045EAE7 /* Products */;
			projectDirPath = "";
			projectRoot = "";
			targets = (
				FF66512523B0953F0045EAE7 /* CryptocurrencyApp */,
			);
		};
/* End PBXProject section */

/* Begin PBXResourcesBuildPhase section */
		FF66512423B0953F0045EAE7 /* Resources */ = {
			isa = PBXResourcesBuildPhase;
			buildActionMask = 2147483647;
			files = (
				FF66513623B095450045EAE7 /* LaunchScreen.storyboard in Resources */,
				FF66513323B095450045EAE7 /* Preview Assets.xcassets in Resources */,
				FF66513023B095450045EAE7 /* Assets.xcassets in Resources */,
			);
			runOnlyForDeploymentPostprocessing = 0;
		};
/* End PBXResourcesBuildPhase section */

/* Begin PBXShellScriptBuildPhase section */
		EF127996BFB39E0F0BB5F737 /* [CP] Check Pods Manifest.lock */ = {
			isa = PBXShellScriptBuildPhase;
			buildActionMask = 2147483647;
			files = (
			);
			inputFileListPaths = (
			);
			inputPaths = (
				"${PODS_PODFILE_DIR_PATH}/Podfile.lock",
				"${PODS_ROOT}/Manifest.lock",
			);
			name = "[CP] Check Pods Manifest.lock";
			outputFileListPaths = (
			);
			outputPaths = (
				"$(DERIVED_FILE_DIR)/Pods-CryptocurrencyApp-checkManifestLockResult.txt",
			);
			runOnlyForDeploymentPostprocessing = 0;
			shellPath = /bin/sh;
			shellScript = "diff \"${PODS_PODFILE_DIR_PATH}/Podfile.lock\" \"${PODS_ROOT}/Manifest.lock\" > /dev/null\nif [ $? != 0 ] ; then\n    # print error to STDERR\n    echo \"error: The sandbox is not in sync with the Podfile.lock. Run 'pod install' or update your CocoaPods installation.\" >&2\n    exit 1\nfi\n# This output is used by Xcode 'outputs' to avoid re-running this script phase.\necho \"SUCCESS\" > \"${SCRIPT_OUTPUT_FILE_0}\"\n";
			showEnvVarsInLog = 0;
		};
/* End PBXShellScriptBuildPhase section */

/* Begin PBXSourcesBuildPhase section */
		FF66512223B0953F0045EAE7 /* Sources */ = {
			isa = PBXSourcesBuildPhase;
			buildActionMask = 2147483647;
			files = (
				FFA3A8F823B1C6160036CA2E /* USD.swift in Sources */,
				FF66512A23B0953F0045EAE7 /* AppDelegate.swift in Sources */,
				FF66514123B096040045EAE7 /* Coin.swift in Sources */,
				DEFC112223D67C800007EAEF /* CoinListViewModel.swift in Sources */,
				FFA3A8FA23B1C71E0036CA2E /* CoinData.swift in Sources */,
				FF66514423B09AFB0045EAE7 /* CoinRepository.swift in Sources */,
				FFA3A8F223B1BB390036CA2E /* StatusData.swift in Sources */,
				FF66512C23B0953F0045EAE7 /* SceneDelegate.swift in Sources */,
				FFDB59B623B19DC800052DC6 /* Config.swift in Sources */,
				DECA3C8A23B4B45100823667 /* CoinRow.swift in Sources */,
				FFA3A8F623B1C5220036CA2E /* Quote.swift in Sources */,
				FF66512E23B0953F0045EAE7 /* ContentView.swift in Sources */,
			);
			runOnlyForDeploymentPostprocessing = 0;
		};
/* End PBXSourcesBuildPhase section */

/* Begin PBXVariantGroup section */
		FF66513423B095450045EAE7 /* LaunchScreen.storyboard */ = {
			isa = PBXVariantGroup;
			children = (
				FF66513523B095450045EAE7 /* Base */,
			);
			name = LaunchScreen.storyboard;
			sourceTree = "<group>";
		};
/* End PBXVariantGroup section */

/* Begin XCBuildConfiguration section */
		FF66513823B095450045EAE7 /* Debug */ = {
			isa = XCBuildConfiguration;
			buildSettings = {
				ALWAYS_SEARCH_USER_PATHS = NO;
				CLANG_ANALYZER_NONNULL = YES;
				CLANG_ANALYZER_NUMBER_OBJECT_CONVERSION = YES_AGGRESSIVE;
				CLANG_CXX_LANGUAGE_STANDARD = "gnu++14";
				CLANG_CXX_LIBRARY = "libc++";
				CLANG_ENABLE_MODULES = YES;
				CLANG_ENABLE_OBJC_ARC = YES;
				CLANG_ENABLE_OBJC_WEAK = YES;
				CLANG_WARN_BLOCK_CAPTURE_AUTORELEASING = YES;
				CLANG_WARN_BOOL_CONVERSION = YES;
				CLANG_WARN_COMMA = YES;
				CLANG_WARN_CONSTANT_CONVERSION = YES;
				CLANG_WARN_DEPRECATED_OBJC_IMPLEMENTATIONS = YES;
				CLANG_WARN_DIRECT_OBJC_ISA_USAGE = YES_ERROR;
				CLANG_WARN_DOCUMENTATION_COMMENTS = YES;
				CLANG_WARN_EMPTY_BODY = YES;
				CLANG_WARN_ENUM_CONVERSION = YES;
				CLANG_WARN_INFINITE_RECURSION = YES;
				CLANG_WARN_INT_CONVERSION = YES;
				CLANG_WARN_NON_LITERAL_NULL_CONVERSION = YES;
				CLANG_WARN_OBJC_IMPLICIT_RETAIN_SELF = YES;
				CLANG_WARN_OBJC_LITERAL_CONVERSION = YES;
				CLANG_WARN_OBJC_ROOT_CLASS = YES_ERROR;
				CLANG_WARN_RANGE_LOOP_ANALYSIS = YES;
				CLANG_WARN_STRICT_PROTOTYPES = YES;
				CLANG_WARN_SUSPICIOUS_MOVE = YES;
				CLANG_WARN_UNGUARDED_AVAILABILITY = YES_AGGRESSIVE;
				CLANG_WARN_UNREACHABLE_CODE = YES;
				CLANG_WARN__DUPLICATE_METHOD_MATCH = YES;
				COPY_PHASE_STRIP = NO;
				DEBUG_INFORMATION_FORMAT = dwarf;
				ENABLE_STRICT_OBJC_MSGSEND = YES;
				ENABLE_TESTABILITY = YES;
				GCC_C_LANGUAGE_STANDARD = gnu11;
				GCC_DYNAMIC_NO_PIC = NO;
				GCC_NO_COMMON_BLOCKS = YES;
				GCC_OPTIMIZATION_LEVEL = 0;
				GCC_PREPROCESSOR_DEFINITIONS = (
					"DEBUG=1",
					"$(inherited)",
				);
				GCC_WARN_64_TO_32_BIT_CONVERSION = YES;
				GCC_WARN_ABOUT_RETURN_TYPE = YES_ERROR;
				GCC_WARN_UNDECLARED_SELECTOR = YES;
				GCC_WARN_UNINITIALIZED_AUTOS = YES_AGGRESSIVE;
				GCC_WARN_UNUSED_FUNCTION = YES;
				GCC_WARN_UNUSED_VARIABLE = YES;
				IPHONEOS_DEPLOYMENT_TARGET = 13.2;
				MTL_ENABLE_DEBUG_INFO = INCLUDE_SOURCE;
				MTL_FAST_MATH = YES;
				ONLY_ACTIVE_ARCH = YES;
				SDKROOT = iphoneos;
				SWIFT_ACTIVE_COMPILATION_CONDITIONS = DEBUG;
				SWIFT_OPTIMIZATION_LEVEL = "-Onone";
			};
			name = Debug;
		};
		FF66513923B095450045EAE7 /* Release */ = {
			isa = XCBuildConfiguration;
			buildSettings = {
				ALWAYS_SEARCH_USER_PATHS = NO;
				CLANG_ANALYZER_NONNULL = YES;
				CLANG_ANALYZER_NUMBER_OBJECT_CONVERSION = YES_AGGRESSIVE;
				CLANG_CXX_LANGUAGE_STANDARD = "gnu++14";
				CLANG_CXX_LIBRARY = "libc++";
				CLANG_ENABLE_MODULES = YES;
				CLANG_ENABLE_OBJC_ARC = YES;
				CLANG_ENABLE_OBJC_WEAK = YES;
				CLANG_WARN_BLOCK_CAPTURE_AUTORELEASING = YES;
				CLANG_WARN_BOOL_CONVERSION = YES;
				CLANG_WARN_COMMA = YES;
				CLANG_WARN_CONSTANT_CONVERSION = YES;
				CLANG_WARN_DEPRECATED_OBJC_IMPLEMENTATIONS = YES;
				CLANG_WARN_DIRECT_OBJC_ISA_USAGE = YES_ERROR;
				CLANG_WARN_DOCUMENTATION_COMMENTS = YES;
				CLANG_WARN_EMPTY_BODY = YES;
				CLANG_WARN_ENUM_CONVERSION = YES;
				CLANG_WARN_INFINITE_RECURSION = YES;
				CLANG_WARN_INT_CONVERSION = YES;
				CLANG_WARN_NON_LITERAL_NULL_CONVERSION = YES;
				CLANG_WARN_OBJC_IMPLICIT_RETAIN_SELF = YES;
				CLANG_WARN_OBJC_LITERAL_CONVERSION = YES;
				CLANG_WARN_OBJC_ROOT_CLASS = YES_ERROR;
				CLANG_WARN_RANGE_LOOP_ANALYSIS = YES;
				CLANG_WARN_STRICT_PROTOTYPES = YES;
				CLANG_WARN_SUSPICIOUS_MOVE = YES;
				CLANG_WARN_UNGUARDED_AVAILABILITY = YES_AGGRESSIVE;
				CLANG_WARN_UNREACHABLE_CODE = YES;
				CLANG_WARN__DUPLICATE_METHOD_MATCH = YES;
				COPY_PHASE_STRIP = NO;
				DEBUG_INFORMATION_FORMAT = "dwarf-with-dsym";
				ENABLE_NS_ASSERTIONS = NO;
				ENABLE_STRICT_OBJC_MSGSEND = YES;
				GCC_C_LANGUAGE_STANDARD = gnu11;
				GCC_NO_COMMON_BLOCKS = YES;
				GCC_WARN_64_TO_32_BIT_CONVERSION = YES;
				GCC_WARN_ABOUT_RETURN_TYPE = YES_ERROR;
				GCC_WARN_UNDECLARED_SELECTOR = YES;
				GCC_WARN_UNINITIALIZED_AUTOS = YES_AGGRESSIVE;
				GCC_WARN_UNUSED_FUNCTION = YES;
				GCC_WARN_UNUSED_VARIABLE = YES;
				IPHONEOS_DEPLOYMENT_TARGET = 13.2;
				MTL_ENABLE_DEBUG_INFO = NO;
				MTL_FAST_MATH = YES;
				SDKROOT = iphoneos;
				SWIFT_COMPILATION_MODE = wholemodule;
				SWIFT_OPTIMIZATION_LEVEL = "-O";
				VALIDATE_PRODUCT = YES;
			};
			name = Release;
		};
		FF66513B23B095450045EAE7 /* Debug */ = {
			isa = XCBuildConfiguration;
			baseConfigurationReference = 542257BC9CFF5E016C1C4ADE /* Pods-CryptocurrencyApp.debug.xcconfig */;
			buildSettings = {
				ASSETCATALOG_COMPILER_APPICON_NAME = AppIcon;
				CODE_SIGN_STYLE = Automatic;
				DEVELOPMENT_ASSET_PATHS = "\"CryptocurrencyApp/Preview Content\"";
				DEVELOPMENT_TEAM = DUD734MXMD;
				ENABLE_PREVIEWS = YES;
				INFOPLIST_FILE = CryptocurrencyApp/Info.plist;
				LD_RUNPATH_SEARCH_PATHS = (
					"$(inherited)",
					"@executable_path/Frameworks",
				);
				PRODUCT_BUNDLE_IDENTIFIER = com.motivation.CryptocurrencyApp;
				PRODUCT_NAME = "$(TARGET_NAME)";
				SWIFT_VERSION = 5.0;
				TARGETED_DEVICE_FAMILY = "1,2";
			};
			name = Debug;
		};
		FF66513C23B095450045EAE7 /* Release */ = {
			isa = XCBuildConfiguration;
			baseConfigurationReference = F866D3194C8C2FE5DCCDC855 /* Pods-CryptocurrencyApp.release.xcconfig */;
			buildSettings = {
				ASSETCATALOG_COMPILER_APPICON_NAME = AppIcon;
				CODE_SIGN_STYLE = Automatic;
				DEVELOPMENT_ASSET_PATHS = "\"CryptocurrencyApp/Preview Content\"";
				DEVELOPMENT_TEAM = DUD734MXMD;
				ENABLE_PREVIEWS = YES;
				INFOPLIST_FILE = CryptocurrencyApp/Info.plist;
				LD_RUNPATH_SEARCH_PATHS = (
					"$(inherited)",
					"@executable_path/Frameworks",
				);
				PRODUCT_BUNDLE_IDENTIFIER = com.motivation.CryptocurrencyApp;
				PRODUCT_NAME = "$(TARGET_NAME)";
				SWIFT_VERSION = 5.0;
				TARGETED_DEVICE_FAMILY = "1,2";
			};
			name = Release;
		};
/* End XCBuildConfiguration section */

/* Begin XCConfigurationList section */
		FF66512123B0953F0045EAE7 /* Build configuration list for PBXProject "CryptocurrencyApp" */ = {
			isa = XCConfigurationList;
			buildConfigurations = (
				FF66513823B095450045EAE7 /* Debug */,
				FF66513923B095450045EAE7 /* Release */,
			);
			defaultConfigurationIsVisible = 0;
			defaultConfigurationName = Release;
		};
		FF66513A23B095450045EAE7 /* Build configuration list for PBXNativeTarget "CryptocurrencyApp" */ = {
			isa = XCConfigurationList;
			buildConfigurations = (
				FF66513B23B095450045EAE7 /* Debug */,
				FF66513C23B095450045EAE7 /* Release */,
			);
			defaultConfigurationIsVisible = 0;
			defaultConfigurationName = Release;
		};
/* End XCConfigurationList section */
	};
	rootObject = FF66511E23B0953F0045EAE7 /* Project object */;
}
